{
    "_meta": {
        "hash": {
            "sha256": "790ef5a62c347b0fef5c9ae8c7c9899f7fa0eab172fd7ded4440520d747773a8"
        },
        "pipfile-spec": 6,
        "requires": {
            "python_version": "3.10"
        },
        "sources": [
            {
                "name": "pypi",
                "url": "https://pypi.org/simple",
                "verify_ssl": true
            }
        ]
    },
    "default": {
        "llvmlite": {
            "hashes": [
                "sha256:09f83ea7a54509c285f905d968184bba00fc31ebf12f2b6b1494d677bb7dde9b",
                "sha256:0c23edd196bd797dc3a7860799054ea3488d2824ecabc03f9135110c2e39fcbc",
                "sha256:3673c53cb21c65d2ff3704962b5958e967c6fc0bd0cff772998face199e8d87b",
                "sha256:39a0b4d0088c01a469a5860d2e2d7a9b4e6a93c0f07eb26e71a9a872a8cadf8d",
                "sha256:467b43836b388eaedc5a106d76761e388dbc4674b2f2237bc477c6895b15a634",
                "sha256:4a7525db121f2e699809b539b5308228854ccab6693ecb01b52c44a2f5647e20",
                "sha256:5b3076dc4e9c107d16dc15ecb7f2faf94f7736cd2d5e9f4dc06287fd672452c1",
                "sha256:5cdb0d45df602099d833d50bd9e81353a5e036242d3c003c5b294fc61d1986b4",
                "sha256:7b37297f3cbd68d14a97223a30620589d98ad1890e5040c9e5fc181063f4ed49",
                "sha256:84747289775d0874e506f907a4513db889471607db19b04de97d144047fec885",
                "sha256:84ce9b1c7a59936382ffde7871978cddcda14098e5a76d961e204523e5c372fb",
                "sha256:9329b930d699699846623054121ed105fd0823ed2180906d3b3235d361645490",
                "sha256:96707ebad8b051bbb4fc40c65ef93b7eeee16643bd4d579a14d11578e4b7a647",
                "sha256:a36d9f244b6680cb90bbca66b146dabb2972f4180c64415c96f7c8a2d8b60a36",
                "sha256:a66a5bd580951751b4268f4c3bddcef92682814d6bc72f3cd3bb67f335dd7097",
                "sha256:bba2747cf5b4954e945c287fe310b3fcc484e2a9d1b0c273e99eb17d103bb0e6",
                "sha256:bbd5e82cc990e5a3e343a3bf855c26fdfe3bfae55225f00efd01c05bbda79918",
                "sha256:cda71de10a1f48416309e408ea83dab5bf36058f83e13b86a2961defed265568",
                "sha256:e2dbbb8424037ca287983b115a29adf37d806baf7e1bf4a67bd2cffb74e085ed",
                "sha256:e35766e42acef0fe7d1c43169a8ffc327a47808fae6a067b049fe0e9bbf84dd5",
                "sha256:e44f854dc11559795bcdeaf12303759e56213d42dabbf91a5897aa2d8b033810",
                "sha256:e74e7bec3235a1e1c9ad97d897a620c5007d0ed80c32c84c1d787e7daa17e4ec",
                "sha256:f643d15aacd0b0b0dc8b74b693822ba3f9a53fa63bc6a178c2dba7cc88f42144",
                "sha256:ff8f31111bb99d135ff296757dc81ab36c2dee54ed4bd429158a96da9807c316"
            ],
            "index": "pypi",
            "version": "==0.40.1"
        },
        "sly": {
            "hashes": [
                "sha256:20485483259eec7f6ba85ff4d2e96a4e50c6621902667fc2695cc8bc2a3e5133",
                "sha256:251d42015e8507158aec2164f06035df4a82b0314ce6450f457d7125e7649024"
            ],
            "index": "pypi",
            "version": "==0.5"
        }
    },
    "develop": {}
}
